
Microsoft Visual Studio Solution File, Format Version 12.00
# Visual Studio Version 16
VisualStudioVersion = 16.0.30114.105
MinimumVisualStudioVersion = 10.0.40219.1
Project("{9A19103F-16F7-4668-BE54-9A1E7A4F7556}") = "WEBSCRAPING", "WEBSCRAPING\WEBSCRAPING.csproj", "{18EBDA84-1AA4-44EB-93B7-AB63F15F92CA}"
EndProject
Global
	GlobalSection(SolutionConfigurationPlatforms) = preSolution
		Debug|Any CPU = Debug|Any CPU
		Release|Any CPU = Release|Any CPU
	EndGlobalSection
	GlobalSection(ProjectConfigurationPlatforms) = postSolution
		{18EBDA84-1AA4-44EB-93B7-AB63F15F92CA}.Debug|Any CPU.ActiveCfg = Debug|Any CPU
		{18EBDA84-1AA4-44EB-93B7-AB63F15F92CA}.Debug|Any CPU.Build.0 = Debug|Any CPU
		{18EBDA84-1AA4-44EB-93B7-AB63F15F92CA}.Release|Any CPU.ActiveCfg = Release|Any CPU
		{18EBDA84-1AA4-44EB-93B7-AB63F15F92CA}.Release|Any CPU.Build.0 = Release|Any CPU
	EndGlobalSection
	GlobalSection(SolutionProperties) = preSolution
		HideSolutionNode = FALSE
	EndGlobalSection
	GlobalSection(ExtensibilityGlobals) = postSolution
		SolutionGuid = {3F27823A-C77F-419E-85A9-47EBD4563530}
	EndGlobalSection
EndGlobal
